# This file is automatically @generated by Cargo.
# It is not intended for manual editing.
version = 4

[[package]]
name = "tikal"
version = "0.1.3"

[[package]]
name = "tikal-macros"
version = "0.1.3"

[[package]]
name = "tikal-mariadb"
version = "0.1.3"

[[package]]
name = "tikal-postgres"
version = "0.1.3"

[[package]]
name = "tikal-sqlite"
version = "0.1.3"
